
Microsoft Visual Studio Solution File, Format Version 12.00
# Visual Studio Version 17
VisualStudioVersion = 17.10.35013.160
MinimumVisualStudioVersion = 10.0.40219.1
Project("{FAE04EC0-301F-11D3-BF4B-00C04F79EFBC}") = "game1", "game1\game1.csproj", "{1B1CBF0F-F590-43D3-A5E8-F3625A3754C6}"
EndProject
Global
	GlobalSection(SolutionConfigurationPlatforms) = preSolution
		Debug|Any CPU = Debug|Any CPU
		Release|Any CPU = Release|Any CPU
	EndGlobalSection
	GlobalSection(ProjectConfigurationPlatforms) = postSolution
		{1B1CBF0F-F590-43D3-A5E8-F3625A3754C6}.Debug|Any CPU.ActiveCfg = Debug|Any CPU
		{1B1CBF0F-F590-43D3-A5E8-F3625A3754C6}.Debug|Any CPU.Build.0 = Debug|Any CPU
		{1B1CBF0F-F590-43D3-A5E8-F3625A3754C6}.Release|Any CPU.ActiveCfg = Release|Any CPU
		{1B1CBF0F-F590-43D3-A5E8-F3625A3754C6}.Release|Any CPU.Build.0 = Release|Any CPU
	EndGlobalSection
	GlobalSection(SolutionProperties) = preSolution
		HideSolutionNode = FALSE
	EndGlobalSection
	GlobalSection(ExtensibilityGlobals) = postSolution
		SolutionGuid = {20C87424-0B7C-4E64-BA95-A7CFD53FAA6F}
	EndGlobalSection
EndGlobal
